
Microsoft Visual Studio Solution File, Format Version 12.00
# Visual Studio Version 17
VisualStudioVersion = 17.14.36310.24 d17.14
MinimumVisualStudioVersion = 10.0.40219.1
Project("{FAE04EC0-301F-11D3-BF4B-00C04F79EFBC}") = "ApplyServer", "ApplyServer\ApplyServer.csproj", "{F6EC9B78-843F-4471-820C-43BADB3C0428}"
EndProject
Global
	GlobalSection(SolutionConfigurationPlatforms) = preSolution
		Debug|Any CPU = Debug|Any CPU
		Release|Any CPU = Release|Any CPU
	EndGlobalSection
	GlobalSection(ProjectConfigurationPlatforms) = postSolution
		{F6EC9B78-843F-4471-820C-43BADB3C0428}.Debug|Any CPU.ActiveCfg = Debug|Any CPU
		{F6EC9B78-843F-4471-820C-43BADB3C0428}.Debug|Any CPU.Build.0 = Debug|Any CPU
		{F6EC9B78-843F-4471-820C-43BADB3C0428}.Release|Any CPU.ActiveCfg = Release|Any CPU
		{F6EC9B78-843F-4471-820C-43BADB3C0428}.Release|Any CPU.Build.0 = Release|Any CPU
	EndGlobalSection
	GlobalSection(SolutionProperties) = preSolution
		HideSolutionNode = FALSE
	EndGlobalSection
	GlobalSection(ExtensibilityGlobals) = postSolution
		SolutionGuid = {1BFACC99-1B78-406E-A7B9-1C52EEA35A34}
	EndGlobalSection
EndGlobal
